PODS:
  - Brightcove-Player-Core/dynamic (6.4.3)
  - Brightcove-Player-IMA (6.4.3):
    - Brightcove-Player-Core/dynamic (= 6.4.3)
    - GoogleAds-IMA-iOS-SDK (= 3.9.0)
  - BrightcovePlayerPlugin (1.1.6):
    - Brightcove-Player-IMA (~> 6.4.2)
    - ZappPlugins
  - GoogleAds-IMA-iOS-SDK (3.9.0)
  - ZappPlugins (8.3.2)

DEPENDENCIES:
  - BrightcovePlayerPlugin (from `../BrightcovePlayerPlugin.podspec`)

SPEC REPOS:
  "git@github.com:applicaster/CocoaPods.git":
    - ZappPlugins
  "git@github.com:brightcove/BrightcoveSpecs.git":
    - Brightcove-Player-Core
    - Brightcove-Player-IMA
  https://github.com/cocoapods/specs.git:
    - GoogleAds-IMA-iOS-SDK

EXTERNAL SOURCES:
  BrightcovePlayerPlugin:
    :path: "../BrightcovePlayerPlugin.podspec"

SPEC CHECKSUMS:
  Brightcove-Player-Core: 4b6f0f190b1d383ab729cef8aaa2865dd095ae79
  Brightcove-Player-IMA: b88766b27d8d9a8070e20b867eed1d71d46797e4
  BrightcovePlayerPlugin: c1ef88b41f5daad8d56baafff19a0d6ceb217e64
  GoogleAds-IMA-iOS-SDK: 8f57879738137b81a48ba792e42439e6bff5413b
  ZappPlugins: bd5c96f2b4b0977a97254d45c9a39eb1982d893a

PODFILE CHECKSUM: 3b20ca50e26401fe26f820b8bba816f372e753f2

COCOAPODS: 1.7.1
